# This file is automatically @generated by Cargo.
# It is not intended for manual editing.
version = 4

[[package]]
name = "crochet-cli"
version = "0.1.0"
dependencies = [
 "crochet-dsl",
 "crochet-mesh",
 "crochet-solver",
 "crochet-topology",
]

[[package]]
name = "crochet-dsl"
version = "0.1.0"

[[package]]
name = "crochet-mesh"
version = "0.1.0"
dependencies = [
 "crochet-solver",
 "crochet-topology",
]

[[package]]
name = "crochet-solver"
version = "0.1.0"
dependencies = [
 "crochet-topology",
]

[[package]]
name = "crochet-topology"
version = "0.1.0"
dependencies = [
 "crochet-dsl",
]

[[package]]
name = "crochet-wasm"
version = "0.1.0"
dependencies = [
 "crochet-mesh",
]
